
Microsoft Visual Studio Solution File, Format Version 12.00
# Visual Studio Version 17
VisualStudioVersion = 17.8.34330.188
MinimumVisualStudioVersion = 10.0.40219.1
Project("{FAE04EC0-301F-11D3-BF4B-00C04F79EFBC}") = "AIRWIZZ", "AIRWIZZ\AIRWIZZ.csproj", "{7C4EAD30-8C33-4301-857C-C0C7614B9501}"
EndProject
Global
	GlobalSection(SolutionConfigurationPlatforms) = preSolution
		Debug|Any CPU = Debug|Any CPU
		Release|Any CPU = Release|Any CPU
	EndGlobalSection
	GlobalSection(ProjectConfigurationPlatforms) = postSolution
		{7C4EAD30-8C33-4301-857C-C0C7614B9501}.Debug|Any CPU.ActiveCfg = Debug|Any CPU
		{7C4EAD30-8C33-4301-857C-C0C7614B9501}.Debug|Any CPU.Build.0 = Debug|Any CPU
		{7C4EAD30-8C33-4301-857C-C0C7614B9501}.Release|Any CPU.ActiveCfg = Release|Any CPU
		{7C4EAD30-8C33-4301-857C-C0C7614B9501}.Release|Any CPU.Build.0 = Release|Any CPU
	EndGlobalSection
	GlobalSection(SolutionProperties) = preSolution
		HideSolutionNode = FALSE
	EndGlobalSection
	GlobalSection(ExtensibilityGlobals) = postSolution
		SolutionGuid = {3DE44A0A-2FD9-41C0-B571-60E7CE428BEB}
	EndGlobalSection
EndGlobal
